
Microsoft Visual Studio Solution File, Format Version 12.00
# Visual Studio 15
VisualStudioVersion = 15.0.28307.1259
MinimumVisualStudioVersion = 10.0.40219.1
Project("{FAE04EC0-301F-11D3-BF4B-00C04F79EFBC}") = "CrmBisnessLogic", "CrmBisnessLogic\CrmBisnessLogic.csproj", "{770B6229-BC3D-4E28-AFDD-5FB3135D5A75}"
EndProject
Project("{FAE04EC0-301F-11D3-BF4B-00C04F79EFBC}") = "CrmUi", "CrmUi\CrmUi.csproj", "{C50E1F86-83A7-4682-A43F-018E4675D43D}"
EndProject
Global
	GlobalSection(SolutionConfigurationPlatforms) = preSolution
		Debug|Any CPU = Debug|Any CPU
		Release|Any CPU = Release|Any CPU
	EndGlobalSection
	GlobalSection(ProjectConfigurationPlatforms) = postSolution
		{770B6229-BC3D-4E28-AFDD-5FB3135D5A75}.Debug|Any CPU.ActiveCfg = Debug|Any CPU
		{770B6229-BC3D-4E28-AFDD-5FB3135D5A75}.Debug|Any CPU.Build.0 = Debug|Any CPU
		{770B6229-BC3D-4E28-AFDD-5FB3135D5A75}.Release|Any CPU.ActiveCfg = Release|Any CPU
		{770B6229-BC3D-4E28-AFDD-5FB3135D5A75}.Release|Any CPU.Build.0 = Release|Any CPU
		{C50E1F86-83A7-4682-A43F-018E4675D43D}.Debug|Any CPU.ActiveCfg = Debug|Any CPU
		{C50E1F86-83A7-4682-A43F-018E4675D43D}.Debug|Any CPU.Build.0 = Debug|Any CPU
		{C50E1F86-83A7-4682-A43F-018E4675D43D}.Release|Any CPU.ActiveCfg = Release|Any CPU
		{C50E1F86-83A7-4682-A43F-018E4675D43D}.Release|Any CPU.Build.0 = Release|Any CPU
	EndGlobalSection
	GlobalSection(SolutionProperties) = preSolution
		HideSolutionNode = FALSE
	EndGlobalSection
	GlobalSection(ExtensibilityGlobals) = postSolution
		SolutionGuid = {9B86953A-2ACC-4FC5-9365-EFC3BBC15D77}
	EndGlobalSection
EndGlobal
